
Microsoft Visual Studio Solution File, Format Version 12.00
# Visual Studio Version 17
VisualStudioVersion = 17.0.31903.59
MinimumVisualStudioVersion = 10.0.40219.1
Project("{2150E333-8FDC-42A3-9474-1A3956D46DE8}") = "src", "src", "{827E0CD3-B72D-47B6-A68D-7590B98EB39B}"
EndProject
Project("{FAE04EC0-301F-11D3-BF4B-00C04F79EFBC}") = "CodeIndex", "src\CodeIndex\CodeIndex.csproj", "{22DF2626-2208-47EA-8EBE-C2503D92E445}"
EndProject
Project("{2150E333-8FDC-42A3-9474-1A3956D46DE8}") = "tests", "tests", "{0AB3BF05-4346-4AA6-1389-037BE0695223}"
EndProject
Project("{FAE04EC0-301F-11D3-BF4B-00C04F79EFBC}") = "CodeIndex.Tests", "tests\CodeIndex.Tests\CodeIndex.Tests.csproj", "{A33D0351-ACAC-485B-9517-9ABD6A878ECD}"
EndProject
Project("{FAE04EC0-301F-11D3-BF4B-00C04F79EFBC}") = "CodeIndex.Changelog", "tools\CodeIndex.Changelog\CodeIndex.Changelog.csproj", "{6A1D4E0B-24F8-4E8E-9E7A-28CC55D3F7AC}"
EndProject
Project("{FAE04EC0-301F-11D3-BF4B-00C04F79EFBC}") = "CodeIndex.TestTelemetry", "tools\CodeIndex.TestTelemetry\CodeIndex.TestTelemetry.csproj", "{4EA94432-F249-46FC-8EB4-99F1EB9933A0}"
EndProject
Global
	GlobalSection(SolutionConfigurationPlatforms) = preSolution
		Debug|Any CPU = Debug|Any CPU
		Debug|x64 = Debug|x64
		Debug|x86 = Debug|x86
		Release|Any CPU = Release|Any CPU
		Release|x64 = Release|x64
		Release|x86 = Release|x86
	EndGlobalSection
	GlobalSection(ProjectConfigurationPlatforms) = postSolution
		{22DF2626-2208-47EA-8EBE-C2503D92E445}.Debug|Any CPU.ActiveCfg = Debug|Any CPU
		{22DF2626-2208-47EA-8EBE-C2503D92E445}.Debug|Any CPU.Build.0 = Debug|Any CPU
		{22DF2626-2208-47EA-8EBE-C2503D92E445}.Debug|x64.ActiveCfg = Debug|Any CPU
		{22DF2626-2208-47EA-8EBE-C2503D92E445}.Debug|x64.Build.0 = Debug|Any CPU
		{22DF2626-2208-47EA-8EBE-C2503D92E445}.Debug|x86.ActiveCfg = Debug|Any CPU
		{22DF2626-2208-47EA-8EBE-C2503D92E445}.Debug|x86.Build.0 = Debug|Any CPU
		{22DF2626-2208-47EA-8EBE-C2503D92E445}.Release|Any CPU.ActiveCfg = Release|Any CPU
		{22DF2626-2208-47EA-8EBE-C2503D92E445}.Release|Any CPU.Build.0 = Release|Any CPU
		{22DF2626-2208-47EA-8EBE-C2503D92E445}.Release|x64.ActiveCfg = Release|Any CPU
		{22DF2626-2208-47EA-8EBE-C2503D92E445}.Release|x64.Build.0 = Release|Any CPU
		{22DF2626-2208-47EA-8EBE-C2503D92E445}.Release|x86.ActiveCfg = Release|Any CPU
		{22DF2626-2208-47EA-8EBE-C2503D92E445}.Release|x86.Build.0 = Release|Any CPU
		{A33D0351-ACAC-485B-9517-9ABD6A878ECD}.Debug|Any CPU.ActiveCfg = Debug|Any CPU
		{A33D0351-ACAC-485B-9517-9ABD6A878ECD}.Debug|Any CPU.Build.0 = Debug|Any CPU
		{A33D0351-ACAC-485B-9517-9ABD6A878ECD}.Debug|x64.ActiveCfg = Debug|Any CPU
		{A33D0351-ACAC-485B-9517-9ABD6A878ECD}.Debug|x64.Build.0 = Debug|Any CPU
		{A33D0351-ACAC-485B-9517-9ABD6A878ECD}.Debug|x86.ActiveCfg = Debug|Any CPU
		{A33D0351-ACAC-485B-9517-9ABD6A878ECD}.Debug|x86.Build.0 = Debug|Any CPU
		{A33D0351-ACAC-485B-9517-9ABD6A878ECD}.Release|Any CPU.ActiveCfg = Release|Any CPU
		{A33D0351-ACAC-485B-9517-9ABD6A878ECD}.Release|Any CPU.Build.0 = Release|Any CPU
		{A33D0351-ACAC-485B-9517-9ABD6A878ECD}.Release|x64.ActiveCfg = Release|Any CPU
		{A33D0351-ACAC-485B-9517-9ABD6A878ECD}.Release|x64.Build.0 = Release|Any CPU
		{A33D0351-ACAC-485B-9517-9ABD6A878ECD}.Release|x86.ActiveCfg = Release|Any CPU
		{A33D0351-ACAC-485B-9517-9ABD6A878ECD}.Release|x86.Build.0 = Release|Any CPU
		{6A1D4E0B-24F8-4E8E-9E7A-28CC55D3F7AC}.Debug|Any CPU.ActiveCfg = Debug|Any CPU
		{6A1D4E0B-24F8-4E8E-9E7A-28CC55D3F7AC}.Debug|Any CPU.Build.0 = Debug|Any CPU
		{6A1D4E0B-24F8-4E8E-9E7A-28CC55D3F7AC}.Debug|x64.ActiveCfg = Debug|Any CPU
		{6A1D4E0B-24F8-4E8E-9E7A-28CC55D3F7AC}.Debug|x64.Build.0 = Debug|Any CPU
		{6A1D4E0B-24F8-4E8E-9E7A-28CC55D3F7AC}.Debug|x86.ActiveCfg = Debug|Any CPU
		{6A1D4E0B-24F8-4E8E-9E7A-28CC55D3F7AC}.Debug|x86.Build.0 = Debug|Any CPU
		{6A1D4E0B-24F8-4E8E-9E7A-28CC55D3F7AC}.Release|Any CPU.ActiveCfg = Release|Any CPU
		{6A1D4E0B-24F8-4E8E-9E7A-28CC55D3F7AC}.Release|Any CPU.Build.0 = Release|Any CPU
		{6A1D4E0B-24F8-4E8E-9E7A-28CC55D3F7AC}.Release|x64.ActiveCfg = Release|Any CPU
		{6A1D4E0B-24F8-4E8E-9E7A-28CC55D3F7AC}.Release|x64.Build.0 = Release|Any CPU
		{6A1D4E0B-24F8-4E8E-9E7A-28CC55D3F7AC}.Release|x86.ActiveCfg = Release|Any CPU
		{6A1D4E0B-24F8-4E8E-9E7A-28CC55D3F7AC}.Release|x86.Build.0 = Release|Any CPU
		{4EA94432-F249-46FC-8EB4-99F1EB9933A0}.Debug|Any CPU.ActiveCfg = Debug|Any CPU
		{4EA94432-F249-46FC-8EB4-99F1EB9933A0}.Debug|Any CPU.Build.0 = Debug|Any CPU
		{4EA94432-F249-46FC-8EB4-99F1EB9933A0}.Debug|x64.ActiveCfg = Debug|Any CPU
		{4EA94432-F249-46FC-8EB4-99F1EB9933A0}.Debug|x64.Build.0 = Debug|Any CPU
		{4EA94432-F249-46FC-8EB4-99F1EB9933A0}.Debug|x86.ActiveCfg = Debug|Any CPU
		{4EA94432-F249-46FC-8EB4-99F1EB9933A0}.Debug|x86.Build.0 = Debug|Any CPU
		{4EA94432-F249-46FC-8EB4-99F1EB9933A0}.Release|Any CPU.ActiveCfg = Release|Any CPU
		{4EA94432-F249-46FC-8EB4-99F1EB9933A0}.Release|Any CPU.Build.0 = Release|Any CPU
		{4EA94432-F249-46FC-8EB4-99F1EB9933A0}.Release|x64.ActiveCfg = Release|Any CPU
		{4EA94432-F249-46FC-8EB4-99F1EB9933A0}.Release|x64.Build.0 = Release|Any CPU
		{4EA94432-F249-46FC-8EB4-99F1EB9933A0}.Release|x86.ActiveCfg = Release|Any CPU
		{4EA94432-F249-46FC-8EB4-99F1EB9933A0}.Release|x86.Build.0 = Release|Any CPU
	EndGlobalSection
	GlobalSection(SolutionProperties) = preSolution
		HideSolutionNode = FALSE
	EndGlobalSection
	GlobalSection(NestedProjects) = preSolution
		{22DF2626-2208-47EA-8EBE-C2503D92E445} = {827E0CD3-B72D-47B6-A68D-7590B98EB39B}
		{A33D0351-ACAC-485B-9517-9ABD6A878ECD} = {0AB3BF05-4346-4AA6-1389-037BE0695223}
		{6A1D4E0B-24F8-4E8E-9E7A-28CC55D3F7AC} = {827E0CD3-B72D-47B6-A68D-7590B98EB39B}
		{4EA94432-F249-46FC-8EB4-99F1EB9933A0} = {827E0CD3-B72D-47B6-A68D-7590B98EB39B}
	EndGlobalSection
EndGlobal
